
Microsoft Visual Studio Solution File, Format Version 12.00
# Visual Studio Version 17
VisualStudioVersion = 17.5.33502.453
MinimumVisualStudioVersion = 10.0.40219.1
Project("{FAE04EC0-301F-11D3-BF4B-00C04F79EFBC}") = "OOPProje", "OOPProje\OOPProje.csproj", "{7C2E5832-7497-4CD8-83FE-A0A5F175429D}"
EndProject
Global
	GlobalSection(SolutionConfigurationPlatforms) = preSolution
		Debug|Any CPU = Debug|Any CPU
		Release|Any CPU = Release|Any CPU
	EndGlobalSection
	GlobalSection(ProjectConfigurationPlatforms) = postSolution
		{7C2E5832-7497-4CD8-83FE-A0A5F175429D}.Debug|Any CPU.ActiveCfg = Debug|Any CPU
		{7C2E5832-7497-4CD8-83FE-A0A5F175429D}.Debug|Any CPU.Build.0 = Debug|Any CPU
		{7C2E5832-7497-4CD8-83FE-A0A5F175429D}.Release|Any CPU.ActiveCfg = Release|Any CPU
		{7C2E5832-7497-4CD8-83FE-A0A5F175429D}.Release|Any CPU.Build.0 = Release|Any CPU
	EndGlobalSection
	GlobalSection(SolutionProperties) = preSolution
		HideSolutionNode = FALSE
	EndGlobalSection
	GlobalSection(ExtensibilityGlobals) = postSolution
		SolutionGuid = {3BEF4782-01B7-4F4D-8C6E-87860CEB664E}
	EndGlobalSection
EndGlobal
